
Microsoft Visual Studio Solution File, Format Version 12.00
# Visual Studio Version 16
VisualStudioVersion = 16.0.29613.14
MinimumVisualStudioVersion = 10.0.40219.1
Project("{9A19103F-16F7-4668-BE54-9A1E7A4F7556}") = "Marvel", "Marvel\Marvel.csproj", "{8D0434A2-1BCB-4997-AC75-02887D518CCE}"
EndProject
Project("{9A19103F-16F7-4668-BE54-9A1E7A4F7556}") = "Marvel.Api.Tests", "Marvel.Api.Tests\Marvel.Api.Tests.csproj", "{1EBB3243-B9B3-4E27-984D-F868655B1903}"
EndProject
Global
	GlobalSection(SolutionConfigurationPlatforms) = preSolution
		Debug|Any CPU = Debug|Any CPU
		Release|Any CPU = Release|Any CPU
	EndGlobalSection
	GlobalSection(ProjectConfigurationPlatforms) = postSolution
		{8D0434A2-1BCB-4997-AC75-02887D518CCE}.Debug|Any CPU.ActiveCfg = Debug|Any CPU
		{8D0434A2-1BCB-4997-AC75-02887D518CCE}.Debug|Any CPU.Build.0 = Debug|Any CPU
		{8D0434A2-1BCB-4997-AC75-02887D518CCE}.Release|Any CPU.ActiveCfg = Release|Any CPU
		{8D0434A2-1BCB-4997-AC75-02887D518CCE}.Release|Any CPU.Build.0 = Release|Any CPU
		{1EBB3243-B9B3-4E27-984D-F868655B1903}.Debug|Any CPU.ActiveCfg = Debug|Any CPU
		{1EBB3243-B9B3-4E27-984D-F868655B1903}.Debug|Any CPU.Build.0 = Debug|Any CPU
		{1EBB3243-B9B3-4E27-984D-F868655B1903}.Release|Any CPU.ActiveCfg = Release|Any CPU
		{1EBB3243-B9B3-4E27-984D-F868655B1903}.Release|Any CPU.Build.0 = Release|Any CPU
	EndGlobalSection
	GlobalSection(SolutionProperties) = preSolution
		HideSolutionNode = FALSE
	EndGlobalSection
	GlobalSection(ExtensibilityGlobals) = postSolution
		SolutionGuid = {13A1936D-3CE1-453B-8134-06A1CC1F2933}
	EndGlobalSection
EndGlobal
